<?xml version="1.0" encoding="utf-8"?>
<Project ToolsVersion="17.0" xmlns="http://schemas.microsoft.com/developer/msbuild/2003">
  <ItemGroup>
    <ClCompile Include="D:\Documents\GitHub\gab-engine-git\src\Editor\Editor.cpp">
      <Filter>Source Files</Filter>
    </ClCompile>
    <ClCompile Include="D:\Documents\GitHub\gab-engine-git\src\Editor\Component\Transform.cpp">
      <Filter>Source Files</Filter>
    </ClCompile>
    <ClCompile Include="D:\Documents\GitHub\gab-engine-git\src\Editor\Global\Time.cpp">
      <Filter>Source Files</Filter>
    </ClCompile>
    <ClCompile Include="D:\Documents\GitHub\gab-engine-git\src\Editor\Input\Implementations\KeyPressImplementation.cpp">
      <Filter>Source Files</Filter>
    </ClCompile>
    <ClCompile Include="D:\Documents\GitHub\gab-engine-git\src\Editor\Input\Implementations\MouseScrollImplementation.cpp">
      <Filter>Source Files</Filter>
    </ClCompile>
    <ClCompile Include="D:\Documents\GitHub\gab-engine-git\src\Editor\Input\Implementations\WasdDeltaImplementation.cpp">
      <Filter>Source Files</Filter>
    </ClCompile>
    <ClCompile Include="D:\Documents\GitHub\gab-engine-git\src\Editor\ObjectHandlers\PhysicsHandler.cpp">
      <Filter>Source Files</Filter>
    </ClCompile>
    <ClCompile Include="D:\Documents\GitHub\gab-engine-git\src\Editor\ObjectHandlers\Members\ContactResolver.cpp">
      <Filter>Source Files</Filter>
    </ClCompile>
    <ClCompile Include="D:\Documents\GitHub\gab-engine-git\src\Editor\Objects\Object.cpp">
      <Filter>Source Files</Filter>
    </ClCompile>
    <ClCompile Include="D:\Documents\GitHub\gab-engine-git\src\Editor\Objects\Root.cpp">
      <Filter>Source Files</Filter>
    </ClCompile>
    <ClCompile Include="D:\Documents\GitHub\gab-engine-git\src\Editor\Objects\Controllers\ControllerBase.cpp">
      <Filter>Source Files</Filter>
    </ClCompile>
    <ClCompile Include="D:\Documents\GitHub\gab-engine-git\src\Editor\Objects\Input\InputPlayer.cpp">
      <Filter>Source Files</Filter>
    </ClCompile>
    <ClCompile Include="D:\Documents\GitHub\gab-engine-git\src\Editor\Objects\Physics\ForceVolume.cpp">
      <Filter>Source Files</Filter>
    </ClCompile>
    <ClCompile Include="D:\Documents\GitHub\gab-engine-git\src\Editor\Objects\Physics\ParticleSystem.cpp">
      <Filter>Source Files</Filter>
    </ClCompile>
    <ClCompile Include="D:\Documents\GitHub\gab-engine-git\src\Editor\Objects\Physics\RigidObject.cpp">
      <Filter>Source Files</Filter>
    </ClCompile>
    <ClCompile Include="D:\Documents\GitHub\gab-engine-git\src\Editor\Objects\Physics\Collider\Collider.cpp">
      <Filter>Source Files</Filter>
    </ClCompile>
    <ClCompile Include="D:\Documents\GitHub\gab-engine-git\src\Editor\Objects\Physics\Collision\Contact.cpp">
      <Filter>Source Files</Filter>
    </ClCompile>
    <ClCompile Include="D:\Documents\GitHub\gab-engine-git\src\Editor\Objects\Physics\Joints\AnchorSpring.cpp">
      <Filter>Source Files</Filter>
    </ClCompile>
    <ClCompile Include="D:\Documents\GitHub\gab-engine-git\src\Editor\Objects\Physics\Joints\Bungee.cpp">
      <Filter>Source Files</Filter>
    </ClCompile>
    <ClCompile Include="D:\Documents\GitHub\gab-engine-git\src\Editor\Objects\Physics\Joints\ChainJoint.cpp">
      <Filter>Source Files</Filter>
    </ClCompile>
    <ClCompile Include="D:\Documents\GitHub\gab-engine-git\src\Editor\Objects\Physics\Joints\Spinner.cpp">
      <Filter>Source Files</Filter>
    </ClCompile>
    <ClCompile Include="D:\Documents\GitHub\gab-engine-git\src\Editor\Objects\Physics\Linking\RigidObjectLink.cpp">
      <Filter>Source Files</Filter>
    </ClCompile>
    <ClCompile Include="D:\Documents\GitHub\gab-engine-git\src\Editor\Objects\Physics\Linking\Rod.cpp">
      <Filter>Source Files</Filter>
    </ClCompile>
    <ClCompile Include="D:\Documents\GitHub\gab-engine-git\src\Editor\Objects\Physics\Particle\ParticleObject.cpp">
      <Filter>Source Files</Filter>
    </ClCompile>
    <ClCompile Include="D:\Documents\GitHub\gab-engine-git\src\Editor\Objects\Physics\ParticleSystem\FloatParameter.cpp">
      <Filter>Source Files</Filter>
    </ClCompile>
    <ClCompile Include="D:\Documents\GitHub\gab-engine-git\src\Editor\Objects\Physics\ParticleSystem\VectorParameter.cpp">
      <Filter>Source Files</Filter>
    </ClCompile>
  </ItemGroup>
  <ItemGroup>
    <CustomBuild Include="D:\Documents\GitHub\gab-engine-git\src\Editor\CMakeLists.txt" />
  </ItemGroup>
  <ItemGroup>
    <Filter Include="Source Files">
      <UniqueIdentifier>{FC0C965D-EAEF-36B2-9480-69721B271B20}</UniqueIdentifier>
    </Filter>
  </ItemGroup>
</Project>
