
Microsoft Visual Studio Solution File, Format Version 12.00
# Visual Studio Version 17
Project("{8BC9CEB8-8B4A-11D0-8D11-00A0C91BC942}") = "ALL_BUILD", "ALL_BUILD.vcxproj", "{4038721E-56CF-38A7-BAD8-674807CD54D7}"
	ProjectSection(ProjectDependencies) = postProject
		{5D80B26E-8A9D-3B21-889A-FB807CF706B0} = {5D80B26E-8A9D-3B21-889A-FB807CF706B0}
		{DA0F2921-B2B4-38B6-937E-1E56899D98BC} = {DA0F2921-B2B4-38B6-937E-1E56899D98BC}
		{207C0313-34BF-3035-9887-80DD98676A89} = {207C0313-34BF-3035-9887-80DD98676A89}
		{0F6E7D7B-38F2-3D7C-9A13-4F89E21BAA4D} = {0F6E7D7B-38F2-3D7C-9A13-4F89E21BAA4D}
		{A8BE6680-6E89-35B6-B1F7-F58125736669} = {A8BE6680-6E89-35B6-B1F7-F58125736669}
		{CB5E09C5-704D-32EE-88E0-A474A9172A00} = {CB5E09C5-704D-32EE-88E0-A474A9172A00}
	EndProjectSection
EndProject
Project("{8BC9CEB8-8B4A-11D0-8D11-00A0C91BC942}") = "ZERO_CHECK", "ZERO_CHECK.vcxproj", "{5D80B26E-8A9D-3B21-889A-FB807CF706B0}"
	ProjectSection(ProjectDependencies) = postProject
	EndProjectSection
EndProject
Project("{8BC9CEB8-8B4A-11D0-8D11-00A0C91BC942}") = "gab-engine", "gab-engine.vcxproj", "{DA0F2921-B2B4-38B6-937E-1E56899D98BC}"
	ProjectSection(ProjectDependencies) = postProject
		{5D80B26E-8A9D-3B21-889A-FB807CF706B0} = {5D80B26E-8A9D-3B21-889A-FB807CF706B0}
		{207C0313-34BF-3035-9887-80DD98676A89} = {207C0313-34BF-3035-9887-80DD98676A89}
		{0F6E7D7B-38F2-3D7C-9A13-4F89E21BAA4D} = {0F6E7D7B-38F2-3D7C-9A13-4F89E21BAA4D}
		{A8BE6680-6E89-35B6-B1F7-F58125736669} = {A8BE6680-6E89-35B6-B1F7-F58125736669}
		{CB5E09C5-704D-32EE-88E0-A474A9172A00} = {CB5E09C5-704D-32EE-88E0-A474A9172A00}
	EndProjectSection
EndProject
Project("{8BC9CEB8-8B4A-11D0-8D11-00A0C91BC942}") = "gbe_datatypes", "src\Datatypes\gbe_datatypes.vcxproj", "{207C0313-34BF-3035-9887-80DD98676A89}"
	ProjectSection(ProjectDependencies) = postProject
		{5D80B26E-8A9D-3B21-889A-FB807CF706B0} = {5D80B26E-8A9D-3B21-889A-FB807CF706B0}
	EndProjectSection
EndProject
Project("{8BC9CEB8-8B4A-11D0-8D11-00A0C91BC942}") = "gbe_editor", "src\Editor\gbe_editor.vcxproj", "{0F6E7D7B-38F2-3D7C-9A13-4F89E21BAA4D}"
	ProjectSection(ProjectDependencies) = postProject
		{5D80B26E-8A9D-3B21-889A-FB807CF706B0} = {5D80B26E-8A9D-3B21-889A-FB807CF706B0}
		{207C0313-34BF-3035-9887-80DD98676A89} = {207C0313-34BF-3035-9887-80DD98676A89}
		{A8BE6680-6E89-35B6-B1F7-F58125736669} = {A8BE6680-6E89-35B6-B1F7-F58125736669}
		{CB5E09C5-704D-32EE-88E0-A474A9172A00} = {CB5E09C5-704D-32EE-88E0-A474A9172A00}
	EndProjectSection
EndProject
Project("{8BC9CEB8-8B4A-11D0-8D11-00A0C91BC942}") = "gbe_graphics", "src\Graphics\gbe_graphics.vcxproj", "{A8BE6680-6E89-35B6-B1F7-F58125736669}"
	ProjectSection(ProjectDependencies) = postProject
		{5D80B26E-8A9D-3B21-889A-FB807CF706B0} = {5D80B26E-8A9D-3B21-889A-FB807CF706B0}
		{207C0313-34BF-3035-9887-80DD98676A89} = {207C0313-34BF-3035-9887-80DD98676A89}
	EndProjectSection
EndProject
Project("{8BC9CEB8-8B4A-11D0-8D11-00A0C91BC942}") = "gbe_window", "src\Window\gbe_window.vcxproj", "{CB5E09C5-704D-32EE-88E0-A474A9172A00}"
	ProjectSection(ProjectDependencies) = postProject
		{5D80B26E-8A9D-3B21-889A-FB807CF706B0} = {5D80B26E-8A9D-3B21-889A-FB807CF706B0}
		{207C0313-34BF-3035-9887-80DD98676A89} = {207C0313-34BF-3035-9887-80DD98676A89}
	EndProjectSection
EndProject
Global
	GlobalSection(SolutionConfigurationPlatforms) = preSolution
		Debug|x64 = Debug|x64
		Release|x64 = Release|x64
		MinSizeRel|x64 = MinSizeRel|x64
		RelWithDebInfo|x64 = RelWithDebInfo|x64
	EndGlobalSection
	GlobalSection(ProjectConfigurationPlatforms) = postSolution
		{4038721E-56CF-38A7-BAD8-674807CD54D7}.Debug|x64.ActiveCfg = Debug|x64
		{4038721E-56CF-38A7-BAD8-674807CD54D7}.Release|x64.ActiveCfg = Release|x64
		{4038721E-56CF-38A7-BAD8-674807CD54D7}.MinSizeRel|x64.ActiveCfg = MinSizeRel|x64
		{4038721E-56CF-38A7-BAD8-674807CD54D7}.RelWithDebInfo|x64.ActiveCfg = RelWithDebInfo|x64
		{5D80B26E-8A9D-3B21-889A-FB807CF706B0}.Debug|x64.ActiveCfg = Debug|x64
		{5D80B26E-8A9D-3B21-889A-FB807CF706B0}.Debug|x64.Build.0 = Debug|x64
		{5D80B26E-8A9D-3B21-889A-FB807CF706B0}.Release|x64.ActiveCfg = Release|x64
		{5D80B26E-8A9D-3B21-889A-FB807CF706B0}.Release|x64.Build.0 = Release|x64
		{5D80B26E-8A9D-3B21-889A-FB807CF706B0}.MinSizeRel|x64.ActiveCfg = MinSizeRel|x64
		{5D80B26E-8A9D-3B21-889A-FB807CF706B0}.MinSizeRel|x64.Build.0 = MinSizeRel|x64
		{5D80B26E-8A9D-3B21-889A-FB807CF706B0}.RelWithDebInfo|x64.ActiveCfg = RelWithDebInfo|x64
		{5D80B26E-8A9D-3B21-889A-FB807CF706B0}.RelWithDebInfo|x64.Build.0 = RelWithDebInfo|x64
		{DA0F2921-B2B4-38B6-937E-1E56899D98BC}.Debug|x64.ActiveCfg = Debug|x64
		{DA0F2921-B2B4-38B6-937E-1E56899D98BC}.Debug|x64.Build.0 = Debug|x64
		{DA0F2921-B2B4-38B6-937E-1E56899D98BC}.Release|x64.ActiveCfg = Release|x64
		{DA0F2921-B2B4-38B6-937E-1E56899D98BC}.Release|x64.Build.0 = Release|x64
		{DA0F2921-B2B4-38B6-937E-1E56899D98BC}.MinSizeRel|x64.ActiveCfg = MinSizeRel|x64
		{DA0F2921-B2B4-38B6-937E-1E56899D98BC}.MinSizeRel|x64.Build.0 = MinSizeRel|x64
		{DA0F2921-B2B4-38B6-937E-1E56899D98BC}.RelWithDebInfo|x64.ActiveCfg = RelWithDebInfo|x64
		{DA0F2921-B2B4-38B6-937E-1E56899D98BC}.RelWithDebInfo|x64.Build.0 = RelWithDebInfo|x64
		{207C0313-34BF-3035-9887-80DD98676A89}.Debug|x64.ActiveCfg = Debug|x64
		{207C0313-34BF-3035-9887-80DD98676A89}.Debug|x64.Build.0 = Debug|x64
		{207C0313-34BF-3035-9887-80DD98676A89}.Release|x64.ActiveCfg = Release|x64
		{207C0313-34BF-3035-9887-80DD98676A89}.Release|x64.Build.0 = Release|x64
		{207C0313-34BF-3035-9887-80DD98676A89}.MinSizeRel|x64.ActiveCfg = MinSizeRel|x64
		{207C0313-34BF-3035-9887-80DD98676A89}.MinSizeRel|x64.Build.0 = MinSizeRel|x64
		{207C0313-34BF-3035-9887-80DD98676A89}.RelWithDebInfo|x64.ActiveCfg = RelWithDebInfo|x64
		{207C0313-34BF-3035-9887-80DD98676A89}.RelWithDebInfo|x64.Build.0 = RelWithDebInfo|x64
		{0F6E7D7B-38F2-3D7C-9A13-4F89E21BAA4D}.Debug|x64.ActiveCfg = Debug|x64
		{0F6E7D7B-38F2-3D7C-9A13-4F89E21BAA4D}.Debug|x64.Build.0 = Debug|x64
		{0F6E7D7B-38F2-3D7C-9A13-4F89E21BAA4D}.Release|x64.ActiveCfg = Release|x64
		{0F6E7D7B-38F2-3D7C-9A13-4F89E21BAA4D}.Release|x64.Build.0 = Release|x64
		{0F6E7D7B-38F2-3D7C-9A13-4F89E21BAA4D}.MinSizeRel|x64.ActiveCfg = MinSizeRel|x64
		{0F6E7D7B-38F2-3D7C-9A13-4F89E21BAA4D}.MinSizeRel|x64.Build.0 = MinSizeRel|x64
		{0F6E7D7B-38F2-3D7C-9A13-4F89E21BAA4D}.RelWithDebInfo|x64.ActiveCfg = RelWithDebInfo|x64
		{0F6E7D7B-38F2-3D7C-9A13-4F89E21BAA4D}.RelWithDebInfo|x64.Build.0 = RelWithDebInfo|x64
		{A8BE6680-6E89-35B6-B1F7-F58125736669}.Debug|x64.ActiveCfg = Debug|x64
		{A8BE6680-6E89-35B6-B1F7-F58125736669}.Debug|x64.Build.0 = Debug|x64
		{A8BE6680-6E89-35B6-B1F7-F58125736669}.Release|x64.ActiveCfg = Release|x64
		{A8BE6680-6E89-35B6-B1F7-F58125736669}.Release|x64.Build.0 = Release|x64
		{A8BE6680-6E89-35B6-B1F7-F58125736669}.MinSizeRel|x64.ActiveCfg = MinSizeRel|x64
		{A8BE6680-6E89-35B6-B1F7-F58125736669}.MinSizeRel|x64.Build.0 = MinSizeRel|x64
		{A8BE6680-6E89-35B6-B1F7-F58125736669}.RelWithDebInfo|x64.ActiveCfg = RelWithDebInfo|x64
		{A8BE6680-6E89-35B6-B1F7-F58125736669}.RelWithDebInfo|x64.Build.0 = RelWithDebInfo|x64
		{CB5E09C5-704D-32EE-88E0-A474A9172A00}.Debug|x64.ActiveCfg = Debug|x64
		{CB5E09C5-704D-32EE-88E0-A474A9172A00}.Debug|x64.Build.0 = Debug|x64
		{CB5E09C5-704D-32EE-88E0-A474A9172A00}.Release|x64.ActiveCfg = Release|x64
		{CB5E09C5-704D-32EE-88E0-A474A9172A00}.Release|x64.Build.0 = Release|x64
		{CB5E09C5-704D-32EE-88E0-A474A9172A00}.MinSizeRel|x64.ActiveCfg = MinSizeRel|x64
		{CB5E09C5-704D-32EE-88E0-A474A9172A00}.MinSizeRel|x64.Build.0 = MinSizeRel|x64
		{CB5E09C5-704D-32EE-88E0-A474A9172A00}.RelWithDebInfo|x64.ActiveCfg = RelWithDebInfo|x64
		{CB5E09C5-704D-32EE-88E0-A474A9172A00}.RelWithDebInfo|x64.Build.0 = RelWithDebInfo|x64
	EndGlobalSection
	GlobalSection(ExtensibilityGlobals) = postSolution
		SolutionGuid = {5CBBED0B-2A7D-348F-9E46-9D6CAF624751}
	EndGlobalSection
	GlobalSection(ExtensibilityAddIns) = postSolution
	EndGlobalSection
EndGlobal
