
Microsoft Visual Studio Solution File, Format Version 12.00
# Visual Studio Version 17
Project("{8BC9CEB8-8B4A-11D0-8D11-00A0C91BC942}") = "ALL_BUILD", "ALL_BUILD.vcxproj", "{0CD90A4C-DF90-3B1F-8FE0-E9CB9E8611FF}"
	ProjectSection(ProjectDependencies) = postProject
		{ECFA9C67-ED93-360B-BD25-5B6390E4389F} = {ECFA9C67-ED93-360B-BD25-5B6390E4389F}
		{6F1E1AD7-4E55-3383-8778-978D3266D99C} = {6F1E1AD7-4E55-3383-8778-978D3266D99C}
		{65602442-A5DB-3CC4-A14F-48993B1B6FDE} = {65602442-A5DB-3CC4-A14F-48993B1B6FDE}
		{81A1B4DF-CB72-3EF5-B679-6AC019EDEE51} = {81A1B4DF-CB72-3EF5-B679-6AC019EDEE51}
		{2861D654-FAA8-3046-8EBE-C1D98AAA8AD0} = {2861D654-FAA8-3046-8EBE-C1D98AAA8AD0}
		{C350D348-1173-36EC-B62A-2D038D6AE786} = {C350D348-1173-36EC-B62A-2D038D6AE786}
	EndProjectSection
EndProject
Project("{8BC9CEB8-8B4A-11D0-8D11-00A0C91BC942}") = "ZERO_CHECK", "ZERO_CHECK.vcxproj", "{ECFA9C67-ED93-360B-BD25-5B6390E4389F}"
	ProjectSection(ProjectDependencies) = postProject
	EndProjectSection
EndProject
Project("{8BC9CEB8-8B4A-11D0-8D11-00A0C91BC942}") = "gab-engine", "gab-engine.vcxproj", "{6F1E1AD7-4E55-3383-8778-978D3266D99C}"
	ProjectSection(ProjectDependencies) = postProject
		{ECFA9C67-ED93-360B-BD25-5B6390E4389F} = {ECFA9C67-ED93-360B-BD25-5B6390E4389F}
		{65602442-A5DB-3CC4-A14F-48993B1B6FDE} = {65602442-A5DB-3CC4-A14F-48993B1B6FDE}
		{81A1B4DF-CB72-3EF5-B679-6AC019EDEE51} = {81A1B4DF-CB72-3EF5-B679-6AC019EDEE51}
		{2861D654-FAA8-3046-8EBE-C1D98AAA8AD0} = {2861D654-FAA8-3046-8EBE-C1D98AAA8AD0}
		{C350D348-1173-36EC-B62A-2D038D6AE786} = {C350D348-1173-36EC-B62A-2D038D6AE786}
	EndProjectSection
EndProject
Project("{8BC9CEB8-8B4A-11D0-8D11-00A0C91BC942}") = "gbe_datatypes", "gab-engine\Datatypes\gbe_datatypes.vcxproj", "{65602442-A5DB-3CC4-A14F-48993B1B6FDE}"
	ProjectSection(ProjectDependencies) = postProject
		{ECFA9C67-ED93-360B-BD25-5B6390E4389F} = {ECFA9C67-ED93-360B-BD25-5B6390E4389F}
	EndProjectSection
EndProject
Project("{8BC9CEB8-8B4A-11D0-8D11-00A0C91BC942}") = "gbe_editor", "gab-engine\Editor\gbe_editor.vcxproj", "{81A1B4DF-CB72-3EF5-B679-6AC019EDEE51}"
	ProjectSection(ProjectDependencies) = postProject
		{ECFA9C67-ED93-360B-BD25-5B6390E4389F} = {ECFA9C67-ED93-360B-BD25-5B6390E4389F}
		{2861D654-FAA8-3046-8EBE-C1D98AAA8AD0} = {2861D654-FAA8-3046-8EBE-C1D98AAA8AD0}
	EndProjectSection
EndProject
Project("{8BC9CEB8-8B4A-11D0-8D11-00A0C91BC942}") = "gbe_graphics", "gab-engine\Graphics\gbe_graphics.vcxproj", "{2861D654-FAA8-3046-8EBE-C1D98AAA8AD0}"
	ProjectSection(ProjectDependencies) = postProject
		{ECFA9C67-ED93-360B-BD25-5B6390E4389F} = {ECFA9C67-ED93-360B-BD25-5B6390E4389F}
	EndProjectSection
EndProject
Project("{8BC9CEB8-8B4A-11D0-8D11-00A0C91BC942}") = "gbe_window", "gab-engine\Window\gbe_window.vcxproj", "{C350D348-1173-36EC-B62A-2D038D6AE786}"
	ProjectSection(ProjectDependencies) = postProject
		{ECFA9C67-ED93-360B-BD25-5B6390E4389F} = {ECFA9C67-ED93-360B-BD25-5B6390E4389F}
	EndProjectSection
EndProject
Global
	GlobalSection(SolutionConfigurationPlatforms) = preSolution
		Debug|x64 = Debug|x64
		Release|x64 = Release|x64
		MinSizeRel|x64 = MinSizeRel|x64
		RelWithDebInfo|x64 = RelWithDebInfo|x64
	EndGlobalSection
	GlobalSection(ProjectConfigurationPlatforms) = postSolution
		{0CD90A4C-DF90-3B1F-8FE0-E9CB9E8611FF}.Debug|x64.ActiveCfg = Debug|x64
		{0CD90A4C-DF90-3B1F-8FE0-E9CB9E8611FF}.Release|x64.ActiveCfg = Release|x64
		{0CD90A4C-DF90-3B1F-8FE0-E9CB9E8611FF}.MinSizeRel|x64.ActiveCfg = MinSizeRel|x64
		{0CD90A4C-DF90-3B1F-8FE0-E9CB9E8611FF}.RelWithDebInfo|x64.ActiveCfg = RelWithDebInfo|x64
		{ECFA9C67-ED93-360B-BD25-5B6390E4389F}.Debug|x64.ActiveCfg = Debug|x64
		{ECFA9C67-ED93-360B-BD25-5B6390E4389F}.Debug|x64.Build.0 = Debug|x64
		{ECFA9C67-ED93-360B-BD25-5B6390E4389F}.Release|x64.ActiveCfg = Release|x64
		{ECFA9C67-ED93-360B-BD25-5B6390E4389F}.Release|x64.Build.0 = Release|x64
		{ECFA9C67-ED93-360B-BD25-5B6390E4389F}.MinSizeRel|x64.ActiveCfg = MinSizeRel|x64
		{ECFA9C67-ED93-360B-BD25-5B6390E4389F}.MinSizeRel|x64.Build.0 = MinSizeRel|x64
		{ECFA9C67-ED93-360B-BD25-5B6390E4389F}.RelWithDebInfo|x64.ActiveCfg = RelWithDebInfo|x64
		{ECFA9C67-ED93-360B-BD25-5B6390E4389F}.RelWithDebInfo|x64.Build.0 = RelWithDebInfo|x64
		{6F1E1AD7-4E55-3383-8778-978D3266D99C}.Debug|x64.ActiveCfg = Debug|x64
		{6F1E1AD7-4E55-3383-8778-978D3266D99C}.Debug|x64.Build.0 = Debug|x64
		{6F1E1AD7-4E55-3383-8778-978D3266D99C}.Release|x64.ActiveCfg = Release|x64
		{6F1E1AD7-4E55-3383-8778-978D3266D99C}.Release|x64.Build.0 = Release|x64
		{6F1E1AD7-4E55-3383-8778-978D3266D99C}.MinSizeRel|x64.ActiveCfg = MinSizeRel|x64
		{6F1E1AD7-4E55-3383-8778-978D3266D99C}.MinSizeRel|x64.Build.0 = MinSizeRel|x64
		{6F1E1AD7-4E55-3383-8778-978D3266D99C}.RelWithDebInfo|x64.ActiveCfg = RelWithDebInfo|x64
		{6F1E1AD7-4E55-3383-8778-978D3266D99C}.RelWithDebInfo|x64.Build.0 = RelWithDebInfo|x64
		{65602442-A5DB-3CC4-A14F-48993B1B6FDE}.Debug|x64.ActiveCfg = Debug|x64
		{65602442-A5DB-3CC4-A14F-48993B1B6FDE}.Debug|x64.Build.0 = Debug|x64
		{65602442-A5DB-3CC4-A14F-48993B1B6FDE}.Release|x64.ActiveCfg = Release|x64
		{65602442-A5DB-3CC4-A14F-48993B1B6FDE}.Release|x64.Build.0 = Release|x64
		{65602442-A5DB-3CC4-A14F-48993B1B6FDE}.MinSizeRel|x64.ActiveCfg = MinSizeRel|x64
		{65602442-A5DB-3CC4-A14F-48993B1B6FDE}.MinSizeRel|x64.Build.0 = MinSizeRel|x64
		{65602442-A5DB-3CC4-A14F-48993B1B6FDE}.RelWithDebInfo|x64.ActiveCfg = RelWithDebInfo|x64
		{65602442-A5DB-3CC4-A14F-48993B1B6FDE}.RelWithDebInfo|x64.Build.0 = RelWithDebInfo|x64
		{81A1B4DF-CB72-3EF5-B679-6AC019EDEE51}.Debug|x64.ActiveCfg = Debug|x64
		{81A1B4DF-CB72-3EF5-B679-6AC019EDEE51}.Debug|x64.Build.0 = Debug|x64
		{81A1B4DF-CB72-3EF5-B679-6AC019EDEE51}.Release|x64.ActiveCfg = Release|x64
		{81A1B4DF-CB72-3EF5-B679-6AC019EDEE51}.Release|x64.Build.0 = Release|x64
		{81A1B4DF-CB72-3EF5-B679-6AC019EDEE51}.MinSizeRel|x64.ActiveCfg = MinSizeRel|x64
		{81A1B4DF-CB72-3EF5-B679-6AC019EDEE51}.MinSizeRel|x64.Build.0 = MinSizeRel|x64
		{81A1B4DF-CB72-3EF5-B679-6AC019EDEE51}.RelWithDebInfo|x64.ActiveCfg = RelWithDebInfo|x64
		{81A1B4DF-CB72-3EF5-B679-6AC019EDEE51}.RelWithDebInfo|x64.Build.0 = RelWithDebInfo|x64
		{2861D654-FAA8-3046-8EBE-C1D98AAA8AD0}.Debug|x64.ActiveCfg = Debug|x64
		{2861D654-FAA8-3046-8EBE-C1D98AAA8AD0}.Debug|x64.Build.0 = Debug|x64
		{2861D654-FAA8-3046-8EBE-C1D98AAA8AD0}.Release|x64.ActiveCfg = Release|x64
		{2861D654-FAA8-3046-8EBE-C1D98AAA8AD0}.Release|x64.Build.0 = Release|x64
		{2861D654-FAA8-3046-8EBE-C1D98AAA8AD0}.MinSizeRel|x64.ActiveCfg = MinSizeRel|x64
		{2861D654-FAA8-3046-8EBE-C1D98AAA8AD0}.MinSizeRel|x64.Build.0 = MinSizeRel|x64
		{2861D654-FAA8-3046-8EBE-C1D98AAA8AD0}.RelWithDebInfo|x64.ActiveCfg = RelWithDebInfo|x64
		{2861D654-FAA8-3046-8EBE-C1D98AAA8AD0}.RelWithDebInfo|x64.Build.0 = RelWithDebInfo|x64
		{C350D348-1173-36EC-B62A-2D038D6AE786}.Debug|x64.ActiveCfg = Debug|x64
		{C350D348-1173-36EC-B62A-2D038D6AE786}.Debug|x64.Build.0 = Debug|x64
		{C350D348-1173-36EC-B62A-2D038D6AE786}.Release|x64.ActiveCfg = Release|x64
		{C350D348-1173-36EC-B62A-2D038D6AE786}.Release|x64.Build.0 = Release|x64
		{C350D348-1173-36EC-B62A-2D038D6AE786}.MinSizeRel|x64.ActiveCfg = MinSizeRel|x64
		{C350D348-1173-36EC-B62A-2D038D6AE786}.MinSizeRel|x64.Build.0 = MinSizeRel|x64
		{C350D348-1173-36EC-B62A-2D038D6AE786}.RelWithDebInfo|x64.ActiveCfg = RelWithDebInfo|x64
		{C350D348-1173-36EC-B62A-2D038D6AE786}.RelWithDebInfo|x64.Build.0 = RelWithDebInfo|x64
	EndGlobalSection
	GlobalSection(ExtensibilityGlobals) = postSolution
		SolutionGuid = {F7339AE5-14E9-3538-AC3F-0D363D9F85A8}
	EndGlobalSection
	GlobalSection(ExtensibilityAddIns) = postSolution
	EndGlobalSection
EndGlobal
