<?xml version="1.0" encoding="utf-8"?>
<Project ToolsVersion="17.0" xmlns="http://schemas.microsoft.com/developer/msbuild/2003">
  <ItemGroup>
    <CustomBuild Include="D:\Documents\GitHub\gab-engine-git\CMakeFiles\803a11862f8e3c03e083eaca8401111a\generate.stamp.rule">
      <Filter>CMake Rules</Filter>
    </CustomBuild>
  </ItemGroup>
  <ItemGroup>
    <Filter Include="CMake Rules">
      <UniqueIdentifier>{8A2DCFCA-CE96-3B93-BB97-3564B140527C}</UniqueIdentifier>
    </Filter>
  </ItemGroup>
</Project>
